
Microsoft Visual Studio Solution File, Format Version 12.00
# Visual Studio 14
VisualStudioVersion = 14.0.25420.1
MinimumVisualStudioVersion = 10.0.40219.1
Project("{FAE04EC0-301F-11D3-BF4B-00C04F79EFBC}") = "FamilyApp", "FamilyApp\FamilyApp\FamilyApp.csproj", "{D6D9F19C-D1A4-4A6D-BAD8-E6850E1323B0}"
EndProject
Project("{FAE04EC0-301F-11D3-BF4B-00C04F79EFBC}") = "FamilyApp.Droid", "FamilyApp\FamilyApp.Droid\FamilyApp.Droid.csproj", "{2785AB4F-B141-4A45-8293-6CD9A780F33B}"
EndProject
Project("{FAE04EC0-301F-11D3-BF4B-00C04F79EFBC}") = "FamilyApp.iOS", "FamilyApp\FamilyApp.iOS\FamilyApp.iOS.csproj", "{2ADD9BE7-BBC3-458B-AC5E-02BFAEA57A5B}"
EndProject
Project("{FAE04EC0-301F-11D3-BF4B-00C04F79EFBC}") = "FamilyApp.WinPhone", "FamilyApp\FamilyApp.WinPhone\FamilyApp.WinPhone.csproj", "{5B9A5E68-DA24-4289-9C5C-DE1D9B72B2E4}"
EndProject
Project("{FAE04EC0-301F-11D3-BF4B-00C04F79EFBC}") = "FamilyApp.Windows", "FamilyApp\FamilyApp.Windows\FamilyApp.Windows.csproj", "{08752F40-1456-4E4D-AEE1-4ED005C5643C}"
EndProject
Global
	GlobalSection(SolutionConfigurationPlatforms) = preSolution
		Ad-Hoc|Any CPU = Ad-Hoc|Any CPU
		Ad-Hoc|ARM = Ad-Hoc|ARM
		Ad-Hoc|iPhone = Ad-Hoc|iPhone
		Ad-Hoc|iPhoneSimulator = Ad-Hoc|iPhoneSimulator
		Ad-Hoc|x64 = Ad-Hoc|x64
		Ad-Hoc|x86 = Ad-Hoc|x86
		AppStore|Any CPU = AppStore|Any CPU
		AppStore|ARM = AppStore|ARM
		AppStore|iPhone = AppStore|iPhone
		AppStore|iPhoneSimulator = AppStore|iPhoneSimulator
		AppStore|x64 = AppStore|x64
		AppStore|x86 = AppStore|x86
		Debug|Any CPU = Debug|Any CPU
		Debug|ARM = Debug|ARM
		Debug|iPhone = Debug|iPhone
		Debug|iPhoneSimulator = Debug|iPhoneSimulator
		Debug|x64 = Debug|x64
		Debug|x86 = Debug|x86
		Release|Any CPU = Release|Any CPU
		Release|ARM = Release|ARM
		Release|iPhone = Release|iPhone
		Release|iPhoneSimulator = Release|iPhoneSimulator
		Release|x64 = Release|x64
		Release|x86 = Release|x86
	EndGlobalSection
	GlobalSection(ProjectConfigurationPlatforms) = postSolution
		{D6D9F19C-D1A4-4A6D-BAD8-E6850E1323B0}.Ad-Hoc|Any CPU.ActiveCfg = Release|Any CPU
		{D6D9F19C-D1A4-4A6D-BAD8-E6850E1323B0}.Ad-Hoc|Any CPU.Build.0 = Release|Any CPU
		{D6D9F19C-D1A4-4A6D-BAD8-E6850E1323B0}.Ad-Hoc|ARM.ActiveCfg = Release|Any CPU
		{D6D9F19C-D1A4-4A6D-BAD8-E6850E1323B0}.Ad-Hoc|ARM.Build.0 = Release|Any CPU
		{D6D9F19C-D1A4-4A6D-BAD8-E6850E1323B0}.Ad-Hoc|iPhone.ActiveCfg = Release|Any CPU
		{D6D9F19C-D1A4-4A6D-BAD8-E6850E1323B0}.Ad-Hoc|iPhone.Build.0 = Release|Any CPU
		{D6D9F19C-D1A4-4A6D-BAD8-E6850E1323B0}.Ad-Hoc|iPhoneSimulator.ActiveCfg = Release|Any CPU
		{D6D9F19C-D1A4-4A6D-BAD8-E6850E1323B0}.Ad-Hoc|iPhoneSimulator.Build.0 = Release|Any CPU
		{D6D9F19C-D1A4-4A6D-BAD8-E6850E1323B0}.Ad-Hoc|x64.ActiveCfg = Release|Any CPU
		{D6D9F19C-D1A4-4A6D-BAD8-E6850E1323B0}.Ad-Hoc|x64.Build.0 = Release|Any CPU
		{D6D9F19C-D1A4-4A6D-BAD8-E6850E1323B0}.Ad-Hoc|x86.ActiveCfg = Release|Any CPU
		{D6D9F19C-D1A4-4A6D-BAD8-E6850E1323B0}.Ad-Hoc|x86.Build.0 = Release|Any CPU
		{D6D9F19C-D1A4-4A6D-BAD8-E6850E1323B0}.AppStore|Any CPU.ActiveCfg = Release|Any CPU
		{D6D9F19C-D1A4-4A6D-BAD8-E6850E1323B0}.AppStore|Any CPU.Build.0 = Release|Any CPU
		{D6D9F19C-D1A4-4A6D-BAD8-E6850E1323B0}.AppStore|ARM.ActiveCfg = Release|Any CPU
		{D6D9F19C-D1A4-4A6D-BAD8-E6850E1323B0}.AppStore|ARM.Build.0 = Release|Any CPU
		{D6D9F19C-D1A4-4A6D-BAD8-E6850E1323B0}.AppStore|iPhone.ActiveCfg = Release|Any CPU
		{D6D9F19C-D1A4-4A6D-BAD8-E6850E1323B0}.AppStore|iPhone.Build.0 = Release|Any CPU
		{D6D9F19C-D1A4-4A6D-BAD8-E6850E1323B0}.AppStore|iPhoneSimulator.ActiveCfg = Release|Any CPU
		{D6D9F19C-D1A4-4A6D-BAD8-E6850E1323B0}.AppStore|iPhoneSimulator.Build.0 = Release|Any CPU
		{D6D9F19C-D1A4-4A6D-BAD8-E6850E1323B0}.AppStore|x64.ActiveCfg = Release|Any CPU
		{D6D9F19C-D1A4-4A6D-BAD8-E6850E1323B0}.AppStore|x64.Build.0 = Release|Any CPU
		{D6D9F19C-D1A4-4A6D-BAD8-E6850E1323B0}.AppStore|x86.ActiveCfg = Release|Any CPU
		{D6D9F19C-D1A4-4A6D-BAD8-E6850E1323B0}.AppStore|x86.Build.0 = Release|Any CPU
		{D6D9F19C-D1A4-4A6D-BAD8-E6850E1323B0}.Debug|Any CPU.ActiveCfg = Debug|Any CPU
		{D6D9F19C-D1A4-4A6D-BAD8-E6850E1323B0}.Debug|Any CPU.Build.0 = Debug|Any CPU
		{D6D9F19C-D1A4-4A6D-BAD8-E6850E1323B0}.Debug|ARM.ActiveCfg = Debug|Any CPU
		{D6D9F19C-D1A4-4A6D-BAD8-E6850E1323B0}.Debug|ARM.Build.0 = Debug|Any CPU
		{D6D9F19C-D1A4-4A6D-BAD8-E6850E1323B0}.Debug|iPhone.ActiveCfg = Debug|Any CPU
		{D6D9F19C-D1A4-4A6D-BAD8-E6850E1323B0}.Debug|iPhone.Build.0 = Debug|Any CPU
		{D6D9F19C-D1A4-4A6D-BAD8-E6850E1323B0}.Debug|iPhoneSimulator.ActiveCfg = Debug|Any CPU
		{D6D9F19C-D1A4-4A6D-BAD8-E6850E1323B0}.Debug|iPhoneSimulator.Build.0 = Debug|Any CPU
		{D6D9F19C-D1A4-4A6D-BAD8-E6850E1323B0}.Debug|x64.ActiveCfg = Debug|Any CPU
		{D6D9F19C-D1A4-4A6D-BAD8-E6850E1323B0}.Debug|x64.Build.0 = Debug|Any CPU
		{D6D9F19C-D1A4-4A6D-BAD8-E6850E1323B0}.Debug|x86.ActiveCfg = Debug|Any CPU
		{D6D9F19C-D1A4-4A6D-BAD8-E6850E1323B0}.Debug|x86.Build.0 = Debug|Any CPU
		{D6D9F19C-D1A4-4A6D-BAD8-E6850E1323B0}.Release|Any CPU.ActiveCfg = Release|Any CPU
		{D6D9F19C-D1A4-4A6D-BAD8-E6850E1323B0}.Release|Any CPU.Build.0 = Release|Any CPU
		{D6D9F19C-D1A4-4A6D-BAD8-E6850E1323B0}.Release|ARM.ActiveCfg = Release|Any CPU
		{D6D9F19C-D1A4-4A6D-BAD8-E6850E1323B0}.Release|ARM.Build.0 = Release|Any CPU
		{D6D9F19C-D1A4-4A6D-BAD8-E6850E1323B0}.Release|iPhone.ActiveCfg = Release|Any CPU
		{D6D9F19C-D1A4-4A6D-BAD8-E6850E1323B0}.Release|iPhone.Build.0 = Release|Any CPU
		{D6D9F19C-D1A4-4A6D-BAD8-E6850E1323B0}.Release|iPhoneSimulator.ActiveCfg = Release|Any CPU
		{D6D9F19C-D1A4-4A6D-BAD8-E6850E1323B0}.Release|iPhoneSimulator.Build.0 = Release|Any CPU
		{D6D9F19C-D1A4-4A6D-BAD8-E6850E1323B0}.Release|x64.ActiveCfg = Release|Any CPU
		{D6D9F19C-D1A4-4A6D-BAD8-E6850E1323B0}.Release|x64.Build.0 = Release|Any CPU
		{D6D9F19C-D1A4-4A6D-BAD8-E6850E1323B0}.Release|x86.ActiveCfg = Release|Any CPU
		{D6D9F19C-D1A4-4A6D-BAD8-E6850E1323B0}.Release|x86.Build.0 = Release|Any CPU
		{2785AB4F-B141-4A45-8293-6CD9A780F33B}.Ad-Hoc|Any CPU.ActiveCfg = Release|Any CPU
		{2785AB4F-B141-4A45-8293-6CD9A780F33B}.Ad-Hoc|Any CPU.Build.0 = Release|Any CPU
		{2785AB4F-B141-4A45-8293-6CD9A780F33B}.Ad-Hoc|Any CPU.Deploy.0 = Release|Any CPU
		{2785AB4F-B141-4A45-8293-6CD9A780F33B}.Ad-Hoc|ARM.ActiveCfg = Release|Any CPU
		{2785AB4F-B141-4A45-8293-6CD9A780F33B}.Ad-Hoc|ARM.Build.0 = Release|Any CPU
		{2785AB4F-B141-4A45-8293-6CD9A780F33B}.Ad-Hoc|ARM.Deploy.0 = Release|Any CPU
		{2785AB4F-B141-4A45-8293-6CD9A780F33B}.Ad-Hoc|iPhone.ActiveCfg = Release|Any CPU
		{2785AB4F-B141-4A45-8293-6CD9A780F33B}.Ad-Hoc|iPhone.Build.0 = Release|Any CPU
		{2785AB4F-B141-4A45-8293-6CD9A780F33B}.Ad-Hoc|iPhone.Deploy.0 = Release|Any CPU
		{2785AB4F-B141-4A45-8293-6CD9A780F33B}.Ad-Hoc|iPhoneSimulator.ActiveCfg = Release|Any CPU
		{2785AB4F-B141-4A45-8293-6CD9A780F33B}.Ad-Hoc|iPhoneSimulator.Build.0 = Release|Any CPU
		{2785AB4F-B141-4A45-8293-6CD9A780F33B}.Ad-Hoc|iPhoneSimulator.Deploy.0 = Release|Any CPU
		{2785AB4F-B141-4A45-8293-6CD9A780F33B}.Ad-Hoc|x64.ActiveCfg = Release|Any CPU
		{2785AB4F-B141-4A45-8293-6CD9A780F33B}.Ad-Hoc|x64.Build.0 = Release|Any CPU
		{2785AB4F-B141-4A45-8293-6CD9A780F33B}.Ad-Hoc|x64.Deploy.0 = Release|Any CPU
		{2785AB4F-B141-4A45-8293-6CD9A780F33B}.Ad-Hoc|x86.ActiveCfg = Release|Any CPU
		{2785AB4F-B141-4A45-8293-6CD9A780F33B}.Ad-Hoc|x86.Build.0 = Release|Any CPU
		{2785AB4F-B141-4A45-8293-6CD9A780F33B}.Ad-Hoc|x86.Deploy.0 = Release|Any CPU
		{2785AB4F-B141-4A45-8293-6CD9A780F33B}.AppStore|Any CPU.ActiveCfg = Release|Any CPU
		{2785AB4F-B141-4A45-8293-6CD9A780F33B}.AppStore|Any CPU.Build.0 = Release|Any CPU
		{2785AB4F-B141-4A45-8293-6CD9A780F33B}.AppStore|Any CPU.Deploy.0 = Release|Any CPU
		{2785AB4F-B141-4A45-8293-6CD9A780F33B}.AppStore|ARM.ActiveCfg = Release|Any CPU
		{2785AB4F-B141-4A45-8293-6CD9A780F33B}.AppStore|ARM.Build.0 = Release|Any CPU
		{2785AB4F-B141-4A45-8293-6CD9A780F33B}.AppStore|ARM.Deploy.0 = Release|Any CPU
		{2785AB4F-B141-4A45-8293-6CD9A780F33B}.AppStore|iPhone.ActiveCfg = Release|Any CPU
		{2785AB4F-B141-4A45-8293-6CD9A780F33B}.AppStore|iPhone.Build.0 = Release|Any CPU
		{2785AB4F-B141-4A45-8293-6CD9A780F33B}.AppStore|iPhone.Deploy.0 = Release|Any CPU
		{2785AB4F-B141-4A45-8293-6CD9A780F33B}.AppStore|iPhoneSimulator.ActiveCfg = Release|Any CPU
		{2785AB4F-B141-4A45-8293-6CD9A780F33B}.AppStore|iPhoneSimulator.Build.0 = Release|Any CPU
		{2785AB4F-B141-4A45-8293-6CD9A780F33B}.AppStore|iPhoneSimulator.Deploy.0 = Release|Any CPU
		{2785AB4F-B141-4A45-8293-6CD9A780F33B}.AppStore|x64.ActiveCfg = Release|Any CPU
		{2785AB4F-B141-4A45-8293-6CD9A780F33B}.AppStore|x64.Build.0 = Release|Any CPU
		{2785AB4F-B141-4A45-8293-6CD9A780F33B}.AppStore|x64.Deploy.0 = Release|Any CPU
		{2785AB4F-B141-4A45-8293-6CD9A780F33B}.AppStore|x86.ActiveCfg = Release|Any CPU
		{2785AB4F-B141-4A45-8293-6CD9A780F33B}.AppStore|x86.Build.0 = Release|Any CPU
		{2785AB4F-B141-4A45-8293-6CD9A780F33B}.AppStore|x86.Deploy.0 = Release|Any CPU
		{2785AB4F-B141-4A45-8293-6CD9A780F33B}.Debug|Any CPU.ActiveCfg = Debug|Any CPU
		{2785AB4F-B141-4A45-8293-6CD9A780F33B}.Debug|Any CPU.Build.0 = Debug|Any CPU
		{2785AB4F-B141-4A45-8293-6CD9A780F33B}.Debug|Any CPU.Deploy.0 = Debug|Any CPU
		{2785AB4F-B141-4A45-8293-6CD9A780F33B}.Debug|ARM.ActiveCfg = Debug|Any CPU
		{2785AB4F-B141-4A45-8293-6CD9A780F33B}.Debug|ARM.Build.0 = Debug|Any CPU
		{2785AB4F-B141-4A45-8293-6CD9A780F33B}.Debug|ARM.Deploy.0 = Debug|Any CPU
		{2785AB4F-B141-4A45-8293-6CD9A780F33B}.Debug|iPhone.ActiveCfg = Debug|Any CPU
		{2785AB4F-B141-4A45-8293-6CD9A780F33B}.Debug|iPhone.Build.0 = Debug|Any CPU
		{2785AB4F-B141-4A45-8293-6CD9A780F33B}.Debug|iPhone.Deploy.0 = Debug|Any CPU
		{2785AB4F-B141-4A45-8293-6CD9A780F33B}.Debug|iPhoneSimulator.ActiveCfg = Debug|Any CPU
		{2785AB4F-B141-4A45-8293-6CD9A780F33B}.Debug|iPhoneSimulator.Build.0 = Debug|Any CPU
		{2785AB4F-B141-4A45-8293-6CD9A780F33B}.Debug|iPhoneSimulator.Deploy.0 = Debug|Any CPU
		{2785AB4F-B141-4A45-8293-6CD9A780F33B}.Debug|x64.ActiveCfg = Debug|Any CPU
		{2785AB4F-B141-4A45-8293-6CD9A780F33B}.Debug|x64.Build.0 = Debug|Any CPU
		{2785AB4F-B141-4A45-8293-6CD9A780F33B}.Debug|x64.Deploy.0 = Debug|Any CPU
		{2785AB4F-B141-4A45-8293-6CD9A780F33B}.Debug|x86.ActiveCfg = Debug|Any CPU
		{2785AB4F-B141-4A45-8293-6CD9A780F33B}.Debug|x86.Build.0 = Debug|Any CPU
		{2785AB4F-B141-4A45-8293-6CD9A780F33B}.Debug|x86.Deploy.0 = Debug|Any CPU
		{2785AB4F-B141-4A45-8293-6CD9A780F33B}.Release|Any CPU.ActiveCfg = Release|Any CPU
		{2785AB4F-B141-4A45-8293-6CD9A780F33B}.Release|Any CPU.Build.0 = Release|Any CPU
		{2785AB4F-B141-4A45-8293-6CD9A780F33B}.Release|Any CPU.Deploy.0 = Release|Any CPU
		{2785AB4F-B141-4A45-8293-6CD9A780F33B}.Release|ARM.ActiveCfg = Release|Any CPU
		{2785AB4F-B141-4A45-8293-6CD9A780F33B}.Release|ARM.Build.0 = Release|Any CPU
		{2785AB4F-B141-4A45-8293-6CD9A780F33B}.Release|ARM.Deploy.0 = Release|Any CPU
		{2785AB4F-B141-4A45-8293-6CD9A780F33B}.Release|iPhone.ActiveCfg = Release|Any CPU
		{2785AB4F-B141-4A45-8293-6CD9A780F33B}.Release|iPhone.Build.0 = Release|Any CPU
		{2785AB4F-B141-4A45-8293-6CD9A780F33B}.Release|iPhone.Deploy.0 = Release|Any CPU
		{2785AB4F-B141-4A45-8293-6CD9A780F33B}.Release|iPhoneSimulator.ActiveCfg = Release|Any CPU
		{2785AB4F-B141-4A45-8293-6CD9A780F33B}.Release|iPhoneSimulator.Build.0 = Release|Any CPU
		{2785AB4F-B141-4A45-8293-6CD9A780F33B}.Release|iPhoneSimulator.Deploy.0 = Release|Any CPU
		{2785AB4F-B141-4A45-8293-6CD9A780F33B}.Release|x64.ActiveCfg = Release|Any CPU
		{2785AB4F-B141-4A45-8293-6CD9A780F33B}.Release|x64.Build.0 = Release|Any CPU
		{2785AB4F-B141-4A45-8293-6CD9A780F33B}.Release|x64.Deploy.0 = Release|Any CPU
		{2785AB4F-B141-4A45-8293-6CD9A780F33B}.Release|x86.ActiveCfg = Release|Any CPU
		{2785AB4F-B141-4A45-8293-6CD9A780F33B}.Release|x86.Build.0 = Release|Any CPU
		{2785AB4F-B141-4A45-8293-6CD9A780F33B}.Release|x86.Deploy.0 = Release|Any CPU
		{2ADD9BE7-BBC3-458B-AC5E-02BFAEA57A5B}.Ad-Hoc|Any CPU.ActiveCfg = Ad-Hoc|iPhone
		{2ADD9BE7-BBC3-458B-AC5E-02BFAEA57A5B}.Ad-Hoc|ARM.ActiveCfg = Ad-Hoc|iPhone
		{2ADD9BE7-BBC3-458B-AC5E-02BFAEA57A5B}.Ad-Hoc|iPhone.ActiveCfg = Ad-Hoc|iPhone
		{2ADD9BE7-BBC3-458B-AC5E-02BFAEA57A5B}.Ad-Hoc|iPhone.Build.0 = Ad-Hoc|iPhone
		{2ADD9BE7-BBC3-458B-AC5E-02BFAEA57A5B}.Ad-Hoc|iPhoneSimulator.ActiveCfg = Ad-Hoc|iPhoneSimulator
		{2ADD9BE7-BBC3-458B-AC5E-02BFAEA57A5B}.Ad-Hoc|iPhoneSimulator.Build.0 = Ad-Hoc|iPhoneSimulator
		{2ADD9BE7-BBC3-458B-AC5E-02BFAEA57A5B}.Ad-Hoc|x64.ActiveCfg = Ad-Hoc|iPhone
		{2ADD9BE7-BBC3-458B-AC5E-02BFAEA57A5B}.Ad-Hoc|x86.ActiveCfg = Ad-Hoc|iPhone
		{2ADD9BE7-BBC3-458B-AC5E-02BFAEA57A5B}.AppStore|Any CPU.ActiveCfg = AppStore|iPhone
		{2ADD9BE7-BBC3-458B-AC5E-02BFAEA57A5B}.AppStore|ARM.ActiveCfg = AppStore|iPhone
		{2ADD9BE7-BBC3-458B-AC5E-02BFAEA57A5B}.AppStore|iPhone.ActiveCfg = AppStore|iPhone
		{2ADD9BE7-BBC3-458B-AC5E-02BFAEA57A5B}.AppStore|iPhone.Build.0 = AppStore|iPhone
		{2ADD9BE7-BBC3-458B-AC5E-02BFAEA57A5B}.AppStore|iPhoneSimulator.ActiveCfg = AppStore|iPhoneSimulator
		{2ADD9BE7-BBC3-458B-AC5E-02BFAEA57A5B}.AppStore|iPhoneSimulator.Build.0 = AppStore|iPhoneSimulator
		{2ADD9BE7-BBC3-458B-AC5E-02BFAEA57A5B}.AppStore|x64.ActiveCfg = AppStore|iPhone
		{2ADD9BE7-BBC3-458B-AC5E-02BFAEA57A5B}.AppStore|x86.ActiveCfg = AppStore|iPhone
		{2ADD9BE7-BBC3-458B-AC5E-02BFAEA57A5B}.Debug|Any CPU.ActiveCfg = Debug|iPhone
		{2ADD9BE7-BBC3-458B-AC5E-02BFAEA57A5B}.Debug|ARM.ActiveCfg = Debug|iPhone
		{2ADD9BE7-BBC3-458B-AC5E-02BFAEA57A5B}.Debug|iPhone.ActiveCfg = Debug|iPhone
		{2ADD9BE7-BBC3-458B-AC5E-02BFAEA57A5B}.Debug|iPhone.Build.0 = Debug|iPhone
		{2ADD9BE7-BBC3-458B-AC5E-02BFAEA57A5B}.Debug|iPhoneSimulator.ActiveCfg = Debug|iPhoneSimulator
		{2ADD9BE7-BBC3-458B-AC5E-02BFAEA57A5B}.Debug|iPhoneSimulator.Build.0 = Debug|iPhoneSimulator
		{2ADD9BE7-BBC3-458B-AC5E-02BFAEA57A5B}.Debug|x64.ActiveCfg = Debug|iPhone
		{2ADD9BE7-BBC3-458B-AC5E-02BFAEA57A5B}.Debug|x86.ActiveCfg = Debug|iPhone
		{2ADD9BE7-BBC3-458B-AC5E-02BFAEA57A5B}.Release|Any CPU.ActiveCfg = Release|iPhone
		{2ADD9BE7-BBC3-458B-AC5E-02BFAEA57A5B}.Release|ARM.ActiveCfg = Release|iPhone
		{2ADD9BE7-BBC3-458B-AC5E-02BFAEA57A5B}.Release|iPhone.ActiveCfg = Release|iPhone
		{2ADD9BE7-BBC3-458B-AC5E-02BFAEA57A5B}.Release|iPhone.Build.0 = Release|iPhone
		{2ADD9BE7-BBC3-458B-AC5E-02BFAEA57A5B}.Release|iPhoneSimulator.ActiveCfg = Release|iPhoneSimulator
		{2ADD9BE7-BBC3-458B-AC5E-02BFAEA57A5B}.Release|iPhoneSimulator.Build.0 = Release|iPhoneSimulator
		{2ADD9BE7-BBC3-458B-AC5E-02BFAEA57A5B}.Release|x64.ActiveCfg = Release|iPhone
		{2ADD9BE7-BBC3-458B-AC5E-02BFAEA57A5B}.Release|x86.ActiveCfg = Release|iPhone
		{5B9A5E68-DA24-4289-9C5C-DE1D9B72B2E4}.Ad-Hoc|Any CPU.ActiveCfg = Release|Any CPU
		{5B9A5E68-DA24-4289-9C5C-DE1D9B72B2E4}.Ad-Hoc|Any CPU.Build.0 = Release|Any CPU
		{5B9A5E68-DA24-4289-9C5C-DE1D9B72B2E4}.Ad-Hoc|Any CPU.Deploy.0 = Release|Any CPU
		{5B9A5E68-DA24-4289-9C5C-DE1D9B72B2E4}.Ad-Hoc|ARM.ActiveCfg = Release|ARM
		{5B9A5E68-DA24-4289-9C5C-DE1D9B72B2E4}.Ad-Hoc|ARM.Build.0 = Release|ARM
		{5B9A5E68-DA24-4289-9C5C-DE1D9B72B2E4}.Ad-Hoc|ARM.Deploy.0 = Release|ARM
		{5B9A5E68-DA24-4289-9C5C-DE1D9B72B2E4}.Ad-Hoc|iPhone.ActiveCfg = Release|Any CPU
		{5B9A5E68-DA24-4289-9C5C-DE1D9B72B2E4}.Ad-Hoc|iPhone.Build.0 = Release|Any CPU
		{5B9A5E68-DA24-4289-9C5C-DE1D9B72B2E4}.Ad-Hoc|iPhone.Deploy.0 = Release|Any CPU
		{5B9A5E68-DA24-4289-9C5C-DE1D9B72B2E4}.Ad-Hoc|iPhoneSimulator.ActiveCfg = Release|Any CPU
		{5B9A5E68-DA24-4289-9C5C-DE1D9B72B2E4}.Ad-Hoc|iPhoneSimulator.Build.0 = Release|Any CPU
		{5B9A5E68-DA24-4289-9C5C-DE1D9B72B2E4}.Ad-Hoc|iPhoneSimulator.Deploy.0 = Release|Any CPU
		{5B9A5E68-DA24-4289-9C5C-DE1D9B72B2E4}.Ad-Hoc|x64.ActiveCfg = Release|Any CPU
		{5B9A5E68-DA24-4289-9C5C-DE1D9B72B2E4}.Ad-Hoc|x64.Build.0 = Release|Any CPU
		{5B9A5E68-DA24-4289-9C5C-DE1D9B72B2E4}.Ad-Hoc|x64.Deploy.0 = Release|Any CPU
		{5B9A5E68-DA24-4289-9C5C-DE1D9B72B2E4}.Ad-Hoc|x86.ActiveCfg = Release|x86
		{5B9A5E68-DA24-4289-9C5C-DE1D9B72B2E4}.Ad-Hoc|x86.Build.0 = Release|x86
		{5B9A5E68-DA24-4289-9C5C-DE1D9B72B2E4}.Ad-Hoc|x86.Deploy.0 = Release|x86
		{5B9A5E68-DA24-4289-9C5C-DE1D9B72B2E4}.AppStore|Any CPU.ActiveCfg = Release|Any CPU
		{5B9A5E68-DA24-4289-9C5C-DE1D9B72B2E4}.AppStore|Any CPU.Build.0 = Release|Any CPU
		{5B9A5E68-DA24-4289-9C5C-DE1D9B72B2E4}.AppStore|Any CPU.Deploy.0 = Release|Any CPU
		{5B9A5E68-DA24-4289-9C5C-DE1D9B72B2E4}.AppStore|ARM.ActiveCfg = Release|ARM
		{5B9A5E68-DA24-4289-9C5C-DE1D9B72B2E4}.AppStore|ARM.Build.0 = Release|ARM
		{5B9A5E68-DA24-4289-9C5C-DE1D9B72B2E4}.AppStore|ARM.Deploy.0 = Release|ARM
		{5B9A5E68-DA24-4289-9C5C-DE1D9B72B2E4}.AppStore|iPhone.ActiveCfg = Release|Any CPU
		{5B9A5E68-DA24-4289-9C5C-DE1D9B72B2E4}.AppStore|iPhone.Build.0 = Release|Any CPU
		{5B9A5E68-DA24-4289-9C5C-DE1D9B72B2E4}.AppStore|iPhone.Deploy.0 = Release|Any CPU
		{5B9A5E68-DA24-4289-9C5C-DE1D9B72B2E4}.AppStore|iPhoneSimulator.ActiveCfg = Release|Any CPU
		{5B9A5E68-DA24-4289-9C5C-DE1D9B72B2E4}.AppStore|iPhoneSimulator.Build.0 = Release|Any CPU
		{5B9A5E68-DA24-4289-9C5C-DE1D9B72B2E4}.AppStore|iPhoneSimulator.Deploy.0 = Release|Any CPU
		{5B9A5E68-DA24-4289-9C5C-DE1D9B72B2E4}.AppStore|x64.ActiveCfg = Release|Any CPU
		{5B9A5E68-DA24-4289-9C5C-DE1D9B72B2E4}.AppStore|x64.Build.0 = Release|Any CPU
		{5B9A5E68-DA24-4289-9C5C-DE1D9B72B2E4}.AppStore|x64.Deploy.0 = Release|Any CPU
		{5B9A5E68-DA24-4289-9C5C-DE1D9B72B2E4}.AppStore|x86.ActiveCfg = Release|x86
		{5B9A5E68-DA24-4289-9C5C-DE1D9B72B2E4}.AppStore|x86.Build.0 = Release|x86
		{5B9A5E68-DA24-4289-9C5C-DE1D9B72B2E4}.AppStore|x86.Deploy.0 = Release|x86
		{5B9A5E68-DA24-4289-9C5C-DE1D9B72B2E4}.Debug|Any CPU.ActiveCfg = Debug|Any CPU
		{5B9A5E68-DA24-4289-9C5C-DE1D9B72B2E4}.Debug|Any CPU.Build.0 = Debug|Any CPU
		{5B9A5E68-DA24-4289-9C5C-DE1D9B72B2E4}.Debug|Any CPU.Deploy.0 = Debug|Any CPU
		{5B9A5E68-DA24-4289-9C5C-DE1D9B72B2E4}.Debug|ARM.ActiveCfg = Debug|ARM
		{5B9A5E68-DA24-4289-9C5C-DE1D9B72B2E4}.Debug|ARM.Build.0 = Debug|ARM
		{5B9A5E68-DA24-4289-9C5C-DE1D9B72B2E4}.Debug|ARM.Deploy.0 = Debug|ARM
		{5B9A5E68-DA24-4289-9C5C-DE1D9B72B2E4}.Debug|iPhone.ActiveCfg = Debug|Any CPU
		{5B9A5E68-DA24-4289-9C5C-DE1D9B72B2E4}.Debug|iPhone.Build.0 = Debug|Any CPU
		{5B9A5E68-DA24-4289-9C5C-DE1D9B72B2E4}.Debug|iPhone.Deploy.0 = Debug|Any CPU
		{5B9A5E68-DA24-4289-9C5C-DE1D9B72B2E4}.Debug|iPhoneSimulator.ActiveCfg = Debug|Any CPU
		{5B9A5E68-DA24-4289-9C5C-DE1D9B72B2E4}.Debug|iPhoneSimulator.Build.0 = Debug|Any CPU
		{5B9A5E68-DA24-4289-9C5C-DE1D9B72B2E4}.Debug|iPhoneSimulator.Deploy.0 = Debug|Any CPU
		{5B9A5E68-DA24-4289-9C5C-DE1D9B72B2E4}.Debug|x64.ActiveCfg = Debug|Any CPU
		{5B9A5E68-DA24-4289-9C5C-DE1D9B72B2E4}.Debug|x64.Build.0 = Debug|Any CPU
		{5B9A5E68-DA24-4289-9C5C-DE1D9B72B2E4}.Debug|x64.Deploy.0 = Debug|Any CPU
		{5B9A5E68-DA24-4289-9C5C-DE1D9B72B2E4}.Debug|x86.ActiveCfg = Debug|x86
		{5B9A5E68-DA24-4289-9C5C-DE1D9B72B2E4}.Debug|x86.Build.0 = Debug|x86
		{5B9A5E68-DA24-4289-9C5C-DE1D9B72B2E4}.Debug|x86.Deploy.0 = Debug|x86
		{5B9A5E68-DA24-4289-9C5C-DE1D9B72B2E4}.Release|Any CPU.ActiveCfg = Release|Any CPU
		{5B9A5E68-DA24-4289-9C5C-DE1D9B72B2E4}.Release|Any CPU.Build.0 = Release|Any CPU
		{5B9A5E68-DA24-4289-9C5C-DE1D9B72B2E4}.Release|Any CPU.Deploy.0 = Release|Any CPU
		{5B9A5E68-DA24-4289-9C5C-DE1D9B72B2E4}.Release|ARM.ActiveCfg = Release|ARM
		{5B9A5E68-DA24-4289-9C5C-DE1D9B72B2E4}.Release|ARM.Build.0 = Release|ARM
		{5B9A5E68-DA24-4289-9C5C-DE1D9B72B2E4}.Release|ARM.Deploy.0 = Release|ARM
		{5B9A5E68-DA24-4289-9C5C-DE1D9B72B2E4}.Release|iPhone.ActiveCfg = Release|Any CPU
		{5B9A5E68-DA24-4289-9C5C-DE1D9B72B2E4}.Release|iPhone.Build.0 = Release|Any CPU
		{5B9A5E68-DA24-4289-9C5C-DE1D9B72B2E4}.Release|iPhone.Deploy.0 = Release|Any CPU
		{5B9A5E68-DA24-4289-9C5C-DE1D9B72B2E4}.Release|iPhoneSimulator.ActiveCfg = Release|Any CPU
		{5B9A5E68-DA24-4289-9C5C-DE1D9B72B2E4}.Release|iPhoneSimulator.Build.0 = Release|Any CPU
		{5B9A5E68-DA24-4289-9C5C-DE1D9B72B2E4}.Release|iPhoneSimulator.Deploy.0 = Release|Any CPU
		{5B9A5E68-DA24-4289-9C5C-DE1D9B72B2E4}.Release|x64.ActiveCfg = Release|Any CPU
		{5B9A5E68-DA24-4289-9C5C-DE1D9B72B2E4}.Release|x64.Build.0 = Release|Any CPU
		{5B9A5E68-DA24-4289-9C5C-DE1D9B72B2E4}.Release|x64.Deploy.0 = Release|Any CPU
		{5B9A5E68-DA24-4289-9C5C-DE1D9B72B2E4}.Release|x86.ActiveCfg = Release|x86
		{5B9A5E68-DA24-4289-9C5C-DE1D9B72B2E4}.Release|x86.Build.0 = Release|x86
		{5B9A5E68-DA24-4289-9C5C-DE1D9B72B2E4}.Release|x86.Deploy.0 = Release|x86
		{08752F40-1456-4E4D-AEE1-4ED005C5643C}.Ad-Hoc|Any CPU.ActiveCfg = Release|Any CPU
		{08752F40-1456-4E4D-AEE1-4ED005C5643C}.Ad-Hoc|Any CPU.Build.0 = Release|Any CPU
		{08752F40-1456-4E4D-AEE1-4ED005C5643C}.Ad-Hoc|Any CPU.Deploy.0 = Release|Any CPU
		{08752F40-1456-4E4D-AEE1-4ED005C5643C}.Ad-Hoc|ARM.ActiveCfg = Release|ARM
		{08752F40-1456-4E4D-AEE1-4ED005C5643C}.Ad-Hoc|ARM.Build.0 = Release|ARM
		{08752F40-1456-4E4D-AEE1-4ED005C5643C}.Ad-Hoc|ARM.Deploy.0 = Release|ARM
		{08752F40-1456-4E4D-AEE1-4ED005C5643C}.Ad-Hoc|iPhone.ActiveCfg = Release|Any CPU
		{08752F40-1456-4E4D-AEE1-4ED005C5643C}.Ad-Hoc|iPhone.Build.0 = Release|Any CPU
		{08752F40-1456-4E4D-AEE1-4ED005C5643C}.Ad-Hoc|iPhone.Deploy.0 = Release|Any CPU
		{08752F40-1456-4E4D-AEE1-4ED005C5643C}.Ad-Hoc|iPhoneSimulator.ActiveCfg = Release|Any CPU
		{08752F40-1456-4E4D-AEE1-4ED005C5643C}.Ad-Hoc|iPhoneSimulator.Build.0 = Release|Any CPU
		{08752F40-1456-4E4D-AEE1-4ED005C5643C}.Ad-Hoc|iPhoneSimulator.Deploy.0 = Release|Any CPU
		{08752F40-1456-4E4D-AEE1-4ED005C5643C}.Ad-Hoc|x64.ActiveCfg = Release|x64
		{08752F40-1456-4E4D-AEE1-4ED005C5643C}.Ad-Hoc|x64.Build.0 = Release|x64
		{08752F40-1456-4E4D-AEE1-4ED005C5643C}.Ad-Hoc|x64.Deploy.0 = Release|x64
		{08752F40-1456-4E4D-AEE1-4ED005C5643C}.Ad-Hoc|x86.ActiveCfg = Release|x86
		{08752F40-1456-4E4D-AEE1-4ED005C5643C}.Ad-Hoc|x86.Build.0 = Release|x86
		{08752F40-1456-4E4D-AEE1-4ED005C5643C}.Ad-Hoc|x86.Deploy.0 = Release|x86
		{08752F40-1456-4E4D-AEE1-4ED005C5643C}.AppStore|Any CPU.ActiveCfg = Release|Any CPU
		{08752F40-1456-4E4D-AEE1-4ED005C5643C}.AppStore|Any CPU.Build.0 = Release|Any CPU
		{08752F40-1456-4E4D-AEE1-4ED005C5643C}.AppStore|Any CPU.Deploy.0 = Release|Any CPU
		{08752F40-1456-4E4D-AEE1-4ED005C5643C}.AppStore|ARM.ActiveCfg = Release|ARM
		{08752F40-1456-4E4D-AEE1-4ED005C5643C}.AppStore|ARM.Build.0 = Release|ARM
		{08752F40-1456-4E4D-AEE1-4ED005C5643C}.AppStore|ARM.Deploy.0 = Release|ARM
		{08752F40-1456-4E4D-AEE1-4ED005C5643C}.AppStore|iPhone.ActiveCfg = Release|Any CPU
		{08752F40-1456-4E4D-AEE1-4ED005C5643C}.AppStore|iPhone.Build.0 = Release|Any CPU
		{08752F40-1456-4E4D-AEE1-4ED005C5643C}.AppStore|iPhone.Deploy.0 = Release|Any CPU
		{08752F40-1456-4E4D-AEE1-4ED005C5643C}.AppStore|iPhoneSimulator.ActiveCfg = Release|Any CPU
		{08752F40-1456-4E4D-AEE1-4ED005C5643C}.AppStore|iPhoneSimulator.Build.0 = Release|Any CPU
		{08752F40-1456-4E4D-AEE1-4ED005C5643C}.AppStore|iPhoneSimulator.Deploy.0 = Release|Any CPU
		{08752F40-1456-4E4D-AEE1-4ED005C5643C}.AppStore|x64.ActiveCfg = Release|x64
		{08752F40-1456-4E4D-AEE1-4ED005C5643C}.AppStore|x64.Build.0 = Release|x64
		{08752F40-1456-4E4D-AEE1-4ED005C5643C}.AppStore|x64.Deploy.0 = Release|x64
		{08752F40-1456-4E4D-AEE1-4ED005C5643C}.AppStore|x86.ActiveCfg = Release|x86
		{08752F40-1456-4E4D-AEE1-4ED005C5643C}.AppStore|x86.Build.0 = Release|x86
		{08752F40-1456-4E4D-AEE1-4ED005C5643C}.AppStore|x86.Deploy.0 = Release|x86
		{08752F40-1456-4E4D-AEE1-4ED005C5643C}.Debug|Any CPU.ActiveCfg = Debug|Any CPU
		{08752F40-1456-4E4D-AEE1-4ED005C5643C}.Debug|Any CPU.Build.0 = Debug|Any CPU
		{08752F40-1456-4E4D-AEE1-4ED005C5643C}.Debug|Any CPU.Deploy.0 = Debug|Any CPU
		{08752F40-1456-4E4D-AEE1-4ED005C5643C}.Debug|ARM.ActiveCfg = Debug|ARM
		{08752F40-1456-4E4D-AEE1-4ED005C5643C}.Debug|ARM.Build.0 = Debug|ARM
		{08752F40-1456-4E4D-AEE1-4ED005C5643C}.Debug|ARM.Deploy.0 = Debug|ARM
		{08752F40-1456-4E4D-AEE1-4ED005C5643C}.Debug|iPhone.ActiveCfg = Debug|Any CPU
		{08752F40-1456-4E4D-AEE1-4ED005C5643C}.Debug|iPhone.Build.0 = Debug|Any CPU
		{08752F40-1456-4E4D-AEE1-4ED005C5643C}.Debug|iPhone.Deploy.0 = Debug|Any CPU
		{08752F40-1456-4E4D-AEE1-4ED005C5643C}.Debug|iPhoneSimulator.ActiveCfg = Debug|Any CPU
		{08752F40-1456-4E4D-AEE1-4ED005C5643C}.Debug|iPhoneSimulator.Build.0 = Debug|Any CPU
		{08752F40-1456-4E4D-AEE1-4ED005C5643C}.Debug|iPhoneSimulator.Deploy.0 = Debug|Any CPU
		{08752F40-1456-4E4D-AEE1-4ED005C5643C}.Debug|x64.ActiveCfg = Debug|x64
		{08752F40-1456-4E4D-AEE1-4ED005C5643C}.Debug|x64.Build.0 = Debug|x64
		{08752F40-1456-4E4D-AEE1-4ED005C5643C}.Debug|x64.Deploy.0 = Debug|x64
		{08752F40-1456-4E4D-AEE1-4ED005C5643C}.Debug|x86.ActiveCfg = Debug|x86
		{08752F40-1456-4E4D-AEE1-4ED005C5643C}.Debug|x86.Build.0 = Debug|x86
		{08752F40-1456-4E4D-AEE1-4ED005C5643C}.Debug|x86.Deploy.0 = Debug|x86
		{08752F40-1456-4E4D-AEE1-4ED005C5643C}.Release|Any CPU.ActiveCfg = Release|Any CPU
		{08752F40-1456-4E4D-AEE1-4ED005C5643C}.Release|Any CPU.Build.0 = Release|Any CPU
		{08752F40-1456-4E4D-AEE1-4ED005C5643C}.Release|Any CPU.Deploy.0 = Release|Any CPU
		{08752F40-1456-4E4D-AEE1-4ED005C5643C}.Release|ARM.ActiveCfg = Release|ARM
		{08752F40-1456-4E4D-AEE1-4ED005C5643C}.Release|ARM.Build.0 = Release|ARM
		{08752F40-1456-4E4D-AEE1-4ED005C5643C}.Release|ARM.Deploy.0 = Release|ARM
		{08752F40-1456-4E4D-AEE1-4ED005C5643C}.Release|iPhone.ActiveCfg = Release|Any CPU
		{08752F40-1456-4E4D-AEE1-4ED005C5643C}.Release|iPhone.Build.0 = Release|Any CPU
		{08752F40-1456-4E4D-AEE1-4ED005C5643C}.Release|iPhone.Deploy.0 = Release|Any CPU
		{08752F40-1456-4E4D-AEE1-4ED005C5643C}.Release|iPhoneSimulator.ActiveCfg = Release|Any CPU
		{08752F40-1456-4E4D-AEE1-4ED005C5643C}.Release|iPhoneSimulator.Build.0 = Release|Any CPU
		{08752F40-1456-4E4D-AEE1-4ED005C5643C}.Release|iPhoneSimulator.Deploy.0 = Release|Any CPU
		{08752F40-1456-4E4D-AEE1-4ED005C5643C}.Release|x64.ActiveCfg = Release|x64
		{08752F40-1456-4E4D-AEE1-4ED005C5643C}.Release|x64.Build.0 = Release|x64
		{08752F40-1456-4E4D-AEE1-4ED005C5643C}.Release|x64.Deploy.0 = Release|x64
		{08752F40-1456-4E4D-AEE1-4ED005C5643C}.Release|x86.ActiveCfg = Release|x86
		{08752F40-1456-4E4D-AEE1-4ED005C5643C}.Release|x86.Build.0 = Release|x86
		{08752F40-1456-4E4D-AEE1-4ED005C5643C}.Release|x86.Deploy.0 = Release|x86
	EndGlobalSection
	GlobalSection(SolutionProperties) = preSolution
		HideSolutionNode = FALSE
	EndGlobalSection
EndGlobal
